
Microsoft Visual Studio Solution File, Format Version 12.00
# Visual Studio Version 16
VisualStudioVersion = 16.0.29306.81
MinimumVisualStudioVersion = 10.0.40219.1
Project("{FAE04EC0-301F-11D3-BF4B-00C04F79EFBC}") = "Lottery.Console", "Lottery.Console\Lottery.Console.csproj", "{3D17799C-CEC0-4115-BFD0-3C5C79F2C87F}"
EndProject
Global
	GlobalSection(SolutionConfigurationPlatforms) = preSolution
		Debug|Any CPU = Debug|Any CPU
		Release|Any CPU = Release|Any CPU
	EndGlobalSection
	GlobalSection(ProjectConfigurationPlatforms) = postSolution
		{3D17799C-CEC0-4115-BFD0-3C5C79F2C87F}.Debug|Any CPU.ActiveCfg = Debug|Any CPU
		{3D17799C-CEC0-4115-BFD0-3C5C79F2C87F}.Debug|Any CPU.Build.0 = Debug|Any CPU
		{3D17799C-CEC0-4115-BFD0-3C5C79F2C87F}.Release|Any CPU.ActiveCfg = Release|Any CPU
		{3D17799C-CEC0-4115-BFD0-3C5C79F2C87F}.Release|Any CPU.Build.0 = Release|Any CPU
	EndGlobalSection
	GlobalSection(SolutionProperties) = preSolution
		HideSolutionNode = FALSE
	EndGlobalSection
	GlobalSection(ExtensibilityGlobals) = postSolution
		SolutionGuid = {317C8E68-A27A-49FF-9AF2-5ADD9174D99A}
	EndGlobalSection
EndGlobal
